
Microsoft Visual Studio Solution File, Format Version 12.00
# Visual Studio 15
Project("{FAE04EC0-301F-11D3-BF4B-00C04F79EFBC}") = "Xamarin.Theme.Core", "Xamarin.Theme.Core\Xamarin.Theme.Core.csproj", "{7DD7CB24-9396-470B-A3C6-7D209A3382D8}"
EndProject
Project("{FAE04EC0-301F-11D3-BF4B-00C04F79EFBC}") = "Xamarin.Theme.iOS", "..\wowcompanionhelper\Xamarin.Theme.iOS\Xamarin.Theme.iOS.csproj", "{0E9B07DD-8540-46B2-9858-6F9CB3D7741D}"
EndProject
Global
	GlobalSection(SolutionConfigurationPlatforms) = preSolution
		Debug|Any CPU = Debug|Any CPU
		Release|Any CPU = Release|Any CPU
	EndGlobalSection
	GlobalSection(ProjectConfigurationPlatforms) = postSolution
		{7DD7CB24-9396-470B-A3C6-7D209A3382D8}.Debug|Any CPU.ActiveCfg = Debug|Any CPU
		{7DD7CB24-9396-470B-A3C6-7D209A3382D8}.Debug|Any CPU.Build.0 = Debug|Any CPU
		{7DD7CB24-9396-470B-A3C6-7D209A3382D8}.Release|Any CPU.ActiveCfg = Release|Any CPU
		{7DD7CB24-9396-470B-A3C6-7D209A3382D8}.Release|Any CPU.Build.0 = Release|Any CPU
		{0E9B07DD-8540-46B2-9858-6F9CB3D7741D}.Debug|Any CPU.ActiveCfg = Debug|Any CPU
		{0E9B07DD-8540-46B2-9858-6F9CB3D7741D}.Debug|Any CPU.Build.0 = Debug|Any CPU
		{0E9B07DD-8540-46B2-9858-6F9CB3D7741D}.Release|Any CPU.ActiveCfg = Release|Any CPU
		{0E9B07DD-8540-46B2-9858-6F9CB3D7741D}.Release|Any CPU.Build.0 = Release|Any CPU
	EndGlobalSection
EndGlobal
